
Microsoft Visual Studio Solution File, Format Version 12.00
# Visual Studio 15
VisualStudioVersion = 15.0.26124.0
MinimumVisualStudioVersion = 15.0.26124.0
Project("{FAE04EC0-301F-11D3-BF4B-00C04F79EFBC}") = "console", "console\console.csproj", "{B40CA193-AF08-4ADF-9E98-7DBDA52A7B86}"
EndProject
Project("{FAE04EC0-301F-11D3-BF4B-00C04F79EFBC}") = "local", "templates\local\local.csproj", "{5438D26D-D0AE-4CB1-8882-2ADE41C69EDE}"
EndProject
Project("{FAE04EC0-301F-11D3-BF4B-00C04F79EFBC}") = "core", "core\core.csproj", "{33160142-32F2-40BF-9C5E-37305B965E5C}"
EndProject
Project("{FAE04EC0-301F-11D3-BF4B-00C04F79EFBC}") = "core.tests", "core.tests\core.tests.csproj", "{C9D2291F-FD27-4E6F-9AC7-28A24458D8F3}"
EndProject
Project("{FAE04EC0-301F-11D3-BF4B-00C04F79EFBC}") = "hashicorp", "tools\hashicorp\hashicorp.csproj", "{E0E18BA2-D30A-48B3-BD88-E82E7A5AE95A}"
EndProject
Project("{2150E333-8FDC-42A3-9474-1A3956D46DE8}") = "tools", "tools", "{474627F6-6099-4423-BE9F-E68355B45428}"
EndProject
Project("{FAE04EC0-301F-11D3-BF4B-00C04F79EFBC}") = "hashicorp.tests", "tools\hashicorp.tests\hashicorp.tests.csproj", "{F0B0D26D-068D-4038-B54C-06C917A0BBEE}"
EndProject
Global
	GlobalSection(SolutionConfigurationPlatforms) = preSolution
		Debug|Any CPU = Debug|Any CPU
		Debug|x64 = Debug|x64
		Debug|x86 = Debug|x86
		Release|Any CPU = Release|Any CPU
		Release|x64 = Release|x64
		Release|x86 = Release|x86
	EndGlobalSection
	GlobalSection(SolutionProperties) = preSolution
		HideSolutionNode = FALSE
	EndGlobalSection
	GlobalSection(ProjectConfigurationPlatforms) = postSolution
		{B40CA193-AF08-4ADF-9E98-7DBDA52A7B86}.Debug|Any CPU.ActiveCfg = Debug|Any CPU
		{B40CA193-AF08-4ADF-9E98-7DBDA52A7B86}.Debug|Any CPU.Build.0 = Debug|Any CPU
		{B40CA193-AF08-4ADF-9E98-7DBDA52A7B86}.Debug|x64.ActiveCfg = Debug|x64
		{B40CA193-AF08-4ADF-9E98-7DBDA52A7B86}.Debug|x64.Build.0 = Debug|x64
		{B40CA193-AF08-4ADF-9E98-7DBDA52A7B86}.Debug|x86.ActiveCfg = Debug|x86
		{B40CA193-AF08-4ADF-9E98-7DBDA52A7B86}.Debug|x86.Build.0 = Debug|x86
		{B40CA193-AF08-4ADF-9E98-7DBDA52A7B86}.Release|Any CPU.ActiveCfg = Release|Any CPU
		{B40CA193-AF08-4ADF-9E98-7DBDA52A7B86}.Release|Any CPU.Build.0 = Release|Any CPU
		{B40CA193-AF08-4ADF-9E98-7DBDA52A7B86}.Release|x64.ActiveCfg = Release|x64
		{B40CA193-AF08-4ADF-9E98-7DBDA52A7B86}.Release|x64.Build.0 = Release|x64
		{B40CA193-AF08-4ADF-9E98-7DBDA52A7B86}.Release|x86.ActiveCfg = Release|x86
		{B40CA193-AF08-4ADF-9E98-7DBDA52A7B86}.Release|x86.Build.0 = Release|x86
		{5438D26D-D0AE-4CB1-8882-2ADE41C69EDE}.Debug|Any CPU.ActiveCfg = Debug|Any CPU
		{5438D26D-D0AE-4CB1-8882-2ADE41C69EDE}.Debug|Any CPU.Build.0 = Debug|Any CPU
		{5438D26D-D0AE-4CB1-8882-2ADE41C69EDE}.Debug|x64.ActiveCfg = Debug|x64
		{5438D26D-D0AE-4CB1-8882-2ADE41C69EDE}.Debug|x64.Build.0 = Debug|x64
		{5438D26D-D0AE-4CB1-8882-2ADE41C69EDE}.Debug|x86.ActiveCfg = Debug|x86
		{5438D26D-D0AE-4CB1-8882-2ADE41C69EDE}.Debug|x86.Build.0 = Debug|x86
		{5438D26D-D0AE-4CB1-8882-2ADE41C69EDE}.Release|Any CPU.ActiveCfg = Release|Any CPU
		{5438D26D-D0AE-4CB1-8882-2ADE41C69EDE}.Release|Any CPU.Build.0 = Release|Any CPU
		{5438D26D-D0AE-4CB1-8882-2ADE41C69EDE}.Release|x64.ActiveCfg = Release|x64
		{5438D26D-D0AE-4CB1-8882-2ADE41C69EDE}.Release|x64.Build.0 = Release|x64
		{5438D26D-D0AE-4CB1-8882-2ADE41C69EDE}.Release|x86.ActiveCfg = Release|x86
		{5438D26D-D0AE-4CB1-8882-2ADE41C69EDE}.Release|x86.Build.0 = Release|x86
		{33160142-32F2-40BF-9C5E-37305B965E5C}.Debug|Any CPU.ActiveCfg = Debug|Any CPU
		{33160142-32F2-40BF-9C5E-37305B965E5C}.Debug|Any CPU.Build.0 = Debug|Any CPU
		{33160142-32F2-40BF-9C5E-37305B965E5C}.Debug|x64.ActiveCfg = Debug|x64
		{33160142-32F2-40BF-9C5E-37305B965E5C}.Debug|x64.Build.0 = Debug|x64
		{33160142-32F2-40BF-9C5E-37305B965E5C}.Debug|x86.ActiveCfg = Debug|x86
		{33160142-32F2-40BF-9C5E-37305B965E5C}.Debug|x86.Build.0 = Debug|x86
		{33160142-32F2-40BF-9C5E-37305B965E5C}.Release|Any CPU.ActiveCfg = Release|Any CPU
		{33160142-32F2-40BF-9C5E-37305B965E5C}.Release|Any CPU.Build.0 = Release|Any CPU
		{33160142-32F2-40BF-9C5E-37305B965E5C}.Release|x64.ActiveCfg = Release|x64
		{33160142-32F2-40BF-9C5E-37305B965E5C}.Release|x64.Build.0 = Release|x64
		{33160142-32F2-40BF-9C5E-37305B965E5C}.Release|x86.ActiveCfg = Release|x86
		{33160142-32F2-40BF-9C5E-37305B965E5C}.Release|x86.Build.0 = Release|x86
		{E0E18BA2-D30A-48B3-BD88-E82E7A5AE95A}.Debug|Any CPU.ActiveCfg = Debug|Any CPU
		{E0E18BA2-D30A-48B3-BD88-E82E7A5AE95A}.Debug|Any CPU.Build.0 = Debug|Any CPU
		{E0E18BA2-D30A-48B3-BD88-E82E7A5AE95A}.Debug|x64.ActiveCfg = Debug|x64
		{E0E18BA2-D30A-48B3-BD88-E82E7A5AE95A}.Debug|x64.Build.0 = Debug|x64
		{E0E18BA2-D30A-48B3-BD88-E82E7A5AE95A}.Debug|x86.ActiveCfg = Debug|x86
		{E0E18BA2-D30A-48B3-BD88-E82E7A5AE95A}.Debug|x86.Build.0 = Debug|x86
		{E0E18BA2-D30A-48B3-BD88-E82E7A5AE95A}.Release|Any CPU.ActiveCfg = Release|Any CPU
		{E0E18BA2-D30A-48B3-BD88-E82E7A5AE95A}.Release|Any CPU.Build.0 = Release|Any CPU
		{E0E18BA2-D30A-48B3-BD88-E82E7A5AE95A}.Release|x64.ActiveCfg = Release|x64
		{E0E18BA2-D30A-48B3-BD88-E82E7A5AE95A}.Release|x64.Build.0 = Release|x64
		{E0E18BA2-D30A-48B3-BD88-E82E7A5AE95A}.Release|x86.ActiveCfg = Release|x86
		{E0E18BA2-D30A-48B3-BD88-E82E7A5AE95A}.Release|x86.Build.0 = Release|x86
		{05C7EA93-39CC-4473-9F3A-20EEAA86AE16}.Debug|Any CPU.ActiveCfg = Debug|Any CPU
		{05C7EA93-39CC-4473-9F3A-20EEAA86AE16}.Debug|Any CPU.Build.0 = Debug|Any CPU
		{05C7EA93-39CC-4473-9F3A-20EEAA86AE16}.Debug|x64.ActiveCfg = Debug|x64
		{05C7EA93-39CC-4473-9F3A-20EEAA86AE16}.Debug|x64.Build.0 = Debug|x64
		{05C7EA93-39CC-4473-9F3A-20EEAA86AE16}.Debug|x86.ActiveCfg = Debug|x86
		{05C7EA93-39CC-4473-9F3A-20EEAA86AE16}.Debug|x86.Build.0 = Debug|x86
		{05C7EA93-39CC-4473-9F3A-20EEAA86AE16}.Release|Any CPU.ActiveCfg = Release|Any CPU
		{05C7EA93-39CC-4473-9F3A-20EEAA86AE16}.Release|Any CPU.Build.0 = Release|Any CPU
		{05C7EA93-39CC-4473-9F3A-20EEAA86AE16}.Release|x64.ActiveCfg = Release|x64
		{05C7EA93-39CC-4473-9F3A-20EEAA86AE16}.Release|x64.Build.0 = Release|x64
		{05C7EA93-39CC-4473-9F3A-20EEAA86AE16}.Release|x86.ActiveCfg = Release|x86
		{05C7EA93-39CC-4473-9F3A-20EEAA86AE16}.Release|x86.Build.0 = Release|x86
		{C9D2291F-FD27-4E6F-9AC7-28A24458D8F3}.Debug|Any CPU.ActiveCfg = Debug|Any CPU
		{C9D2291F-FD27-4E6F-9AC7-28A24458D8F3}.Debug|Any CPU.Build.0 = Debug|Any CPU
		{C9D2291F-FD27-4E6F-9AC7-28A24458D8F3}.Debug|x64.ActiveCfg = Debug|x64
		{C9D2291F-FD27-4E6F-9AC7-28A24458D8F3}.Debug|x64.Build.0 = Debug|x64
		{C9D2291F-FD27-4E6F-9AC7-28A24458D8F3}.Debug|x86.ActiveCfg = Debug|x86
		{C9D2291F-FD27-4E6F-9AC7-28A24458D8F3}.Debug|x86.Build.0 = Debug|x86
		{C9D2291F-FD27-4E6F-9AC7-28A24458D8F3}.Release|Any CPU.ActiveCfg = Release|Any CPU
		{C9D2291F-FD27-4E6F-9AC7-28A24458D8F3}.Release|Any CPU.Build.0 = Release|Any CPU
		{C9D2291F-FD27-4E6F-9AC7-28A24458D8F3}.Release|x64.ActiveCfg = Release|x64
		{C9D2291F-FD27-4E6F-9AC7-28A24458D8F3}.Release|x64.Build.0 = Release|x64
		{C9D2291F-FD27-4E6F-9AC7-28A24458D8F3}.Release|x86.ActiveCfg = Release|x86
		{C9D2291F-FD27-4E6F-9AC7-28A24458D8F3}.Release|x86.Build.0 = Release|x86
		{E207F1FB-C67A-47D7-A39D-6D7269633FB6}.Debug|Any CPU.ActiveCfg = Debug|Any CPU
		{E207F1FB-C67A-47D7-A39D-6D7269633FB6}.Debug|Any CPU.Build.0 = Debug|Any CPU
		{E207F1FB-C67A-47D7-A39D-6D7269633FB6}.Debug|x64.ActiveCfg = Debug|x64
		{E207F1FB-C67A-47D7-A39D-6D7269633FB6}.Debug|x64.Build.0 = Debug|x64
		{E207F1FB-C67A-47D7-A39D-6D7269633FB6}.Debug|x86.ActiveCfg = Debug|x86
		{E207F1FB-C67A-47D7-A39D-6D7269633FB6}.Debug|x86.Build.0 = Debug|x86
		{E207F1FB-C67A-47D7-A39D-6D7269633FB6}.Release|Any CPU.ActiveCfg = Release|Any CPU
		{E207F1FB-C67A-47D7-A39D-6D7269633FB6}.Release|Any CPU.Build.0 = Release|Any CPU
		{E207F1FB-C67A-47D7-A39D-6D7269633FB6}.Release|x64.ActiveCfg = Release|x64
		{E207F1FB-C67A-47D7-A39D-6D7269633FB6}.Release|x64.Build.0 = Release|x64
		{E207F1FB-C67A-47D7-A39D-6D7269633FB6}.Release|x86.ActiveCfg = Release|x86
		{E207F1FB-C67A-47D7-A39D-6D7269633FB6}.Release|x86.Build.0 = Release|x86
		{F0B0D26D-068D-4038-B54C-06C917A0BBEE}.Debug|Any CPU.ActiveCfg = Debug|Any CPU
		{F0B0D26D-068D-4038-B54C-06C917A0BBEE}.Debug|Any CPU.Build.0 = Debug|Any CPU
		{F0B0D26D-068D-4038-B54C-06C917A0BBEE}.Debug|x64.ActiveCfg = Debug|x64
		{F0B0D26D-068D-4038-B54C-06C917A0BBEE}.Debug|x64.Build.0 = Debug|x64
		{F0B0D26D-068D-4038-B54C-06C917A0BBEE}.Debug|x86.ActiveCfg = Debug|x86
		{F0B0D26D-068D-4038-B54C-06C917A0BBEE}.Debug|x86.Build.0 = Debug|x86
		{F0B0D26D-068D-4038-B54C-06C917A0BBEE}.Release|Any CPU.ActiveCfg = Release|Any CPU
		{F0B0D26D-068D-4038-B54C-06C917A0BBEE}.Release|Any CPU.Build.0 = Release|Any CPU
		{F0B0D26D-068D-4038-B54C-06C917A0BBEE}.Release|x64.ActiveCfg = Release|x64
		{F0B0D26D-068D-4038-B54C-06C917A0BBEE}.Release|x64.Build.0 = Release|x64
		{F0B0D26D-068D-4038-B54C-06C917A0BBEE}.Release|x86.ActiveCfg = Release|x86
		{F0B0D26D-068D-4038-B54C-06C917A0BBEE}.Release|x86.Build.0 = Release|x86
	EndGlobalSection
	GlobalSection(NestedProjects) = preSolution
		{F0B0D26D-068D-4038-B54C-06C917A0BBEE} = {474627F6-6099-4423-BE9F-E68355B45428}
	EndGlobalSection
EndGlobal
